<?xml version="1.0" encoding="utf-8"?>
<Project ToolsVersion="4.0" xmlns="http://schemas.microsoft.com/developer/msbuild/2003">
  <ItemGroup>
    <Filter Include="Kami">
      <UniqueIdentifier>{07DB877C-F311-890D-9CFE-6E108814050F}</UniqueIdentifier>
    </Filter>
    <Filter Include="Kami\Events">
      <UniqueIdentifier>{0BF905D1-77AE-7EC6-00A3-789D6C5775CA}</UniqueIdentifier>
    </Filter>
  </ItemGroup>
  <ItemGroup>
    <ClInclude Include="src\Kami.h" />
    <ClInclude Include="src\Kami\Application.h">
      <Filter>Kami</Filter>
    </ClInclude>
    <ClInclude Include="src\Kami\Core.h">
      <Filter>Kami</Filter>
    </ClInclude>
    <ClInclude Include="src\Kami\EntryPoint.h">
      <Filter>Kami</Filter>
    </ClInclude>
    <ClInclude Include="src\Kami\Events\ApplicationEvent.h">
      <Filter>Kami\Events</Filter>
    </ClInclude>
    <ClInclude Include="src\Kami\Events\Event.h">
      <Filter>Kami\Events</Filter>
    </ClInclude>
    <ClInclude Include="src\Kami\Events\KeyEvent.h">
      <Filter>Kami\Events</Filter>
    </ClInclude>
    <ClInclude Include="src\Kami\Events\MouseEvent.h">
      <Filter>Kami\Events</Filter>
    </ClInclude>
    <ClInclude Include="src\Kami\Kami.h">
      <Filter>Kami</Filter>
    </ClInclude>
    <ClInclude Include="src\Kami\Log.h">
      <Filter>Kami</Filter>
    </ClInclude>
  </ItemGroup>
  <ItemGroup>
    <ClCompile Include="src\Kami\Application.cpp">
      <Filter>Kami</Filter>
    </ClCompile>
    <ClCompile Include="src\Kami\Log.cpp">
      <Filter>Kami</Filter>
    </ClCompile>
  </ItemGroup>
</Project>